
Microsoft Visual Studio Solution File, Format Version 12.00
# Visual Studio Version 16
VisualStudioVersion = 16.0.31321.278
MinimumVisualStudioVersion = 10.0.40219.1
Project("{FAE04EC0-301F-11D3-BF4B-00C04F79EFBC}") = "ModOpt", "ModOpt.csproj", "{313CE06D-5A08-4120-B380-81618911388E}"
EndProject
Global
	GlobalSection(SolutionConfigurationPlatforms) = preSolution
		Debug|Any CPU = Debug|Any CPU
		Release|Any CPU = Release|Any CPU
	EndGlobalSection
	GlobalSection(ProjectConfigurationPlatforms) = postSolution
		{313CE06D-5A08-4120-B380-81618911388E}.Debug|Any CPU.ActiveCfg = Debug|Any CPU
		{313CE06D-5A08-4120-B380-81618911388E}.Debug|Any CPU.Build.0 = Debug|Any CPU
		{313CE06D-5A08-4120-B380-81618911388E}.Release|Any CPU.ActiveCfg = Release|Any CPU
		{313CE06D-5A08-4120-B380-81618911388E}.Release|Any CPU.Build.0 = Release|Any CPU
	EndGlobalSection
	GlobalSection(SolutionProperties) = preSolution
		HideSolutionNode = FALSE
	EndGlobalSection
	GlobalSection(ExtensibilityGlobals) = postSolution
		SolutionGuid = {693C089D-B681-41F5-812B-512396C3DF1A}
	EndGlobalSection
EndGlobal
